
Microsoft Visual Studio Solution File, Format Version 12.00
# Visual Studio Version 17
VisualStudioVersion = 17.0.32126.317
MinimumVisualStudioVersion = 10.0.40219.1
Project("{FAE04EC0-301F-11D3-BF4B-00C04F79EFBC}") = "Test TER", "Test TER\Test TER.csproj", "{BE0EB634-0073-47CA-B6FB-A15C7E4ABD0D}"
EndProject
Global
	GlobalSection(SolutionConfigurationPlatforms) = preSolution
		Debug|Any CPU = Debug|Any CPU
		Release|Any CPU = Release|Any CPU
	EndGlobalSection
	GlobalSection(ProjectConfigurationPlatforms) = postSolution
		{BE0EB634-0073-47CA-B6FB-A15C7E4ABD0D}.Debug|Any CPU.ActiveCfg = Debug|Any CPU
		{BE0EB634-0073-47CA-B6FB-A15C7E4ABD0D}.Debug|Any CPU.Build.0 = Debug|Any CPU
		{BE0EB634-0073-47CA-B6FB-A15C7E4ABD0D}.Release|Any CPU.ActiveCfg = Release|Any CPU
		{BE0EB634-0073-47CA-B6FB-A15C7E4ABD0D}.Release|Any CPU.Build.0 = Release|Any CPU
	EndGlobalSection
	GlobalSection(SolutionProperties) = preSolution
		HideSolutionNode = FALSE
	EndGlobalSection
	GlobalSection(ExtensibilityGlobals) = postSolution
		SolutionGuid = {6B4776BB-DC33-4214-922A-F0791729A8F1}
	EndGlobalSection
EndGlobal
